
Microsoft Visual Studio Solution File, Format Version 12.00
# Visual Studio Version 17
VisualStudioVersion = 17.8.34309.116
MinimumVisualStudioVersion = 10.0.40219.1
Project("{FAE04EC0-301F-11D3-BF4B-00C04F79EFBC}") = "listaAPI", "listaAPI\listaAPI.csproj", "{62FBB4E6-90ED-4A0D-9420-962AE7C55412}"
EndProject
Global
	GlobalSection(SolutionConfigurationPlatforms) = preSolution
		Debug|Any CPU = Debug|Any CPU
		Release|Any CPU = Release|Any CPU
	EndGlobalSection
	GlobalSection(ProjectConfigurationPlatforms) = postSolution
		{62FBB4E6-90ED-4A0D-9420-962AE7C55412}.Debug|Any CPU.ActiveCfg = Debug|Any CPU
		{62FBB4E6-90ED-4A0D-9420-962AE7C55412}.Debug|Any CPU.Build.0 = Debug|Any CPU
		{62FBB4E6-90ED-4A0D-9420-962AE7C55412}.Release|Any CPU.ActiveCfg = Release|Any CPU
		{62FBB4E6-90ED-4A0D-9420-962AE7C55412}.Release|Any CPU.Build.0 = Release|Any CPU
	EndGlobalSection
	GlobalSection(SolutionProperties) = preSolution
		HideSolutionNode = FALSE
	EndGlobalSection
	GlobalSection(ExtensibilityGlobals) = postSolution
		SolutionGuid = {E68D1FA9-2D45-470F-892C-1DEA79C34C16}
	EndGlobalSection
EndGlobal
